PODS:
  - Alamofire (4.9.1)
  - AlamofireImage (3.6.0):
    - Alamofire (~> 4.9)
  - AlamofireNetworkActivityIndicator (2.4.0):
    - Alamofire (~> 4.8)
  - HydraAsync (1.2.1)
  - Katana (3.1.0):
    - HydraAsync (~> 1.2)
  - PinLayout (1.8.13)
  - SwiftyJSON (5.0.0)
  - Tempura (4.3.0):
    - Katana (< 4, >= 3.0)

DEPENDENCIES:
  - Alamofire
  - AlamofireImage
  - AlamofireNetworkActivityIndicator
  - HydraAsync
  - PinLayout
  - SwiftyJSON
  - Tempura

SPEC REPOS:
  trunk:
    - Alamofire
    - AlamofireImage
    - AlamofireNetworkActivityIndicator
    - HydraAsync
    - Katana
    - PinLayout
    - SwiftyJSON
    - Tempura

SPEC CHECKSUMS:
  Alamofire: 85e8a02c69d6020a0d734f6054870d7ecb75cf18
  AlamofireImage: be9963c6582d68b39e89191f64c82a7d7bf40fdd
  AlamofireNetworkActivityIndicator: 9acc3de3ca6645bf0efed462396b0df13dd3e7b8
  HydraAsync: 8f2ab62d57e140b4ca587ae0f66e1eb04e8e6965
  Katana: caa2adb661a386f9a993a15845841dc2c9b083aa
  PinLayout: e41a50260a76508b7a7fcee8955c76639adc69bc
  SwiftyJSON: 36413e04c44ee145039d332b4f4e2d3e8d6c4db7
  Tempura: d38c2d982864d9dbca6b11a519e8b00024d04abd

PODFILE CHECKSUM: 14da7641bcf2bce33b70f93ba8d2629d48f8eb95

COCOAPODS: 1.8.4
