// !$*UTF8*$!
{
	archiveVersion = 1;
	classes = {
	};
	objectVersion = 51;
	objects = {

/* Begin PBXBuildFile section */
		1A1E8D7423DEF3E500360EFE /* AppState.swift in Sources */ = {isa = PBXBuildFile; fileRef = 1A1E8D7323DEF3E500360EFE /* AppState.swift */; };
		1A1E8D7723DEF46000360EFE /* SessionModel.swift in Sources */ = {isa = PBXBuildFile; fileRef = 1A1E8D7623DEF46000360EFE /* SessionModel.swift */; };
		1A1E8D7A23DEF7B400360EFE /* DependenciesContainer.swift in Sources */ = {isa = PBXBuildFile; fileRef = 1A1E8D7923DEF7B400360EFE /* DependenciesContainer.swift */; };
		1A1E8D7D23DEFCD900360EFE /* AppNavigation.swift in Sources */ = {isa = PBXBuildFile; fileRef = 1A1E8D7C23DEFCD900360EFE /* AppNavigation.swift */; };
		1A1E8D8023DEFF3D00360EFE /* SessionActions.swift in Sources */ = {isa = PBXBuildFile; fileRef = 1A1E8D7F23DEFF3D00360EFE /* SessionActions.swift */; };
		1A1E8D8323DF048200360EFE /* RootViewController.swift in Sources */ = {isa = PBXBuildFile; fileRef = 1A1E8D8223DF048200360EFE /* RootViewController.swift */; };
		1A1E8D8523DF0DF000360EFE /* RootView.swift in Sources */ = {isa = PBXBuildFile; fileRef = 1A1E8D8423DF0DF000360EFE /* RootView.swift */; };
		1A1E8D8823DF11BA00360EFE /* UIControl+TargetActionable.swift in Sources */ = {isa = PBXBuildFile; fileRef = 1A1E8D8723DF11BA00360EFE /* UIControl+TargetActionable.swift */; };
		1A1E8D8E23DF255200360EFE /* RegistrationViewController.swift in Sources */ = {isa = PBXBuildFile; fileRef = 1A1E8D8D23DF255200360EFE /* RegistrationViewController.swift */; };
		1A1E8D9023DF256900360EFE /* RegistrationView.swift in Sources */ = {isa = PBXBuildFile; fileRef = 1A1E8D8F23DF256900360EFE /* RegistrationView.swift */; };
		1A1E8D9223DF257E00360EFE /* LoginViewController.swift in Sources */ = {isa = PBXBuildFile; fileRef = 1A1E8D9123DF257E00360EFE /* LoginViewController.swift */; };
		1A1E8D9423DF259100360EFE /* LoginView.swift in Sources */ = {isa = PBXBuildFile; fileRef = 1A1E8D9323DF259100360EFE /* LoginView.swift */; };
		1A2D66A123E05D0400BDE888 /* UserActions.swift in Sources */ = {isa = PBXBuildFile; fileRef = 1A2D66A023E05D0400BDE888 /* UserActions.swift */; };
		1A5645AD23E22F0700B14FA4 /* SplashViewController.swift in Sources */ = {isa = PBXBuildFile; fileRef = 1A5645AC23E22F0700B14FA4 /* SplashViewController.swift */; };
		1A5645AF23E22F1400B14FA4 /* SplashView.swift in Sources */ = {isa = PBXBuildFile; fileRef = 1A5645AE23E22F1400B14FA4 /* SplashView.swift */; };
		1A5645B223E2307300B14FA4 /* Palette.swift in Sources */ = {isa = PBXBuildFile; fileRef = 1A5645B123E2307300B14FA4 /* Palette.swift */; };
		1A750EEE23DF6F29005B117C /* Http.swift in Sources */ = {isa = PBXBuildFile; fileRef = 1A750EED23DF6F29005B117C /* Http.swift */; };
		1A750EF123DF703F005B117C /* AuthService.swift in Sources */ = {isa = PBXBuildFile; fileRef = 1A750EF023DF703F005B117C /* AuthService.swift */; };
		1A750EF323DFAEA5005B117C /* Common.swift in Sources */ = {isa = PBXBuildFile; fileRef = 1A750EF223DFAEA5005B117C /* Common.swift */; };
		1A9F053C23E0A6A40066B9BB /* AuthProcedures.swift in Sources */ = {isa = PBXBuildFile; fileRef = 1A9F053B23E0A6A40066B9BB /* AuthProcedures.swift */; };
		1A9F053E23E0A71E0066B9BB /* UIModel.swift in Sources */ = {isa = PBXBuildFile; fileRef = 1A9F053D23E0A71E0066B9BB /* UIModel.swift */; };
		1A9F054023E0A8060066B9BB /* UIActions.swift in Sources */ = {isa = PBXBuildFile; fileRef = 1A9F053F23E0A8060066B9BB /* UIActions.swift */; };
		1AC2A91223E2FD1800AC426D /* HomeViewController.swift in Sources */ = {isa = PBXBuildFile; fileRef = 1AC2A91123E2FD1800AC426D /* HomeViewController.swift */; };
		1AC2A91423E2FD2800AC426D /* HomeView.swift in Sources */ = {isa = PBXBuildFile; fileRef = 1AC2A91323E2FD2800AC426D /* HomeView.swift */; };
		1AC2A91623E31D4B00AC426D /* WizardWelcomeViewController.swift in Sources */ = {isa = PBXBuildFile; fileRef = 1AC2A91523E31D4B00AC426D /* WizardWelcomeViewController.swift */; };
		1AC2A91823E31D6000AC426D /* WizardWelcomeView.swift in Sources */ = {isa = PBXBuildFile; fileRef = 1AC2A91723E31D6000AC426D /* WizardWelcomeView.swift */; };
		1AC2A91A23E33CA800AC426D /* MainNavigationViewController.swift in Sources */ = {isa = PBXBuildFile; fileRef = 1AC2A91923E33CA800AC426D /* MainNavigationViewController.swift */; };
		1AE416E323DEDC89001CFFAC /* AppDelegate.swift in Sources */ = {isa = PBXBuildFile; fileRef = 1AE416E223DEDC89001CFFAC /* AppDelegate.swift */; };
		1AE416EC23DEDC8C001CFFAC /* Assets.xcassets in Resources */ = {isa = PBXBuildFile; fileRef = 1AE416EB23DEDC8C001CFFAC /* Assets.xcassets */; };
		1AE416EF23DEDC8C001CFFAC /* LaunchScreen.storyboard in Resources */ = {isa = PBXBuildFile; fileRef = 1AE416ED23DEDC8C001CFFAC /* LaunchScreen.storyboard */; };
		1AE416FA23DEDC8C001CFFAC /* TestTempuraTests.swift in Sources */ = {isa = PBXBuildFile; fileRef = 1AE416F923DEDC8C001CFFAC /* TestTempuraTests.swift */; };
		1AE4170523DEDC8D001CFFAC /* TestTempuraUITests.swift in Sources */ = {isa = PBXBuildFile; fileRef = 1AE4170423DEDC8D001CFFAC /* TestTempuraUITests.swift */; };
		4CC54F54F0B415898E83B83D /* Pods_TestTempuraTests.framework in Frameworks */ = {isa = PBXBuildFile; fileRef = CD45AC5045ADEE30F5900D2B /* Pods_TestTempuraTests.framework */; };
		6EDEC8C882F00A8693E770A9 /* Pods_TestTempura.framework in Frameworks */ = {isa = PBXBuildFile; fileRef = D65E8909E8669E6AC4AD7B25 /* Pods_TestTempura.framework */; };
		9BFCA85415BDF5D5E032C195 /* Pods_TestTempura_TestTempuraUITests.framework in Frameworks */ = {isa = PBXBuildFile; fileRef = 74380FA3CA2A9B679A1D189E /* Pods_TestTempura_TestTempuraUITests.framework */; };
/* End PBXBuildFile section */

/* Begin PBXContainerItemProxy section */
		1AE416F623DEDC8C001CFFAC /* PBXContainerItemProxy */ = {
			isa = PBXContainerItemProxy;
			containerPortal = 1AE416D723DEDC89001CFFAC /* Project object */;
			proxyType = 1;
			remoteGlobalIDString = 1AE416DE23DEDC89001CFFAC;
			remoteInfo = TestTempura;
		};
		1AE4170123DEDC8D001CFFAC /* PBXContainerItemProxy */ = {
			isa = PBXContainerItemProxy;
			containerPortal = 1AE416D723DEDC89001CFFAC /* Project object */;
			proxyType = 1;
			remoteGlobalIDString = 1AE416DE23DEDC89001CFFAC;
			remoteInfo = TestTempura;
		};
/* End PBXContainerItemProxy section */

/* Begin PBXFileReference section */
		1A1E8D7323DEF3E500360EFE /* AppState.swift */ = {isa = PBXFileReference; lastKnownFileType = sourcecode.swift; path = AppState.swift; sourceTree = "<group>"; };
		1A1E8D7623DEF46000360EFE /* SessionModel.swift */ = {isa = PBXFileReference; lastKnownFileType = sourcecode.swift; path = SessionModel.swift; sourceTree = "<group>"; };
		1A1E8D7923DEF7B400360EFE /* DependenciesContainer.swift */ = {isa = PBXFileReference; lastKnownFileType = sourcecode.swift; path = DependenciesContainer.swift; sourceTree = "<group>"; };
		1A1E8D7C23DEFCD900360EFE /* AppNavigation.swift */ = {isa = PBXFileReference; lastKnownFileType = sourcecode.swift; path = AppNavigation.swift; sourceTree = "<group>"; };
		1A1E8D7F23DEFF3D00360EFE /* SessionActions.swift */ = {isa = PBXFileReference; lastKnownFileType = sourcecode.swift; path = SessionActions.swift; sourceTree = "<group>"; };
		1A1E8D8223DF048200360EFE /* RootViewController.swift */ = {isa = PBXFileReference; lastKnownFileType = sourcecode.swift; path = RootViewController.swift; sourceTree = "<group>"; };
		1A1E8D8423DF0DF000360EFE /* RootView.swift */ = {isa = PBXFileReference; lastKnownFileType = sourcecode.swift; path = RootView.swift; sourceTree = "<group>"; };
		1A1E8D8723DF11BA00360EFE /* UIControl+TargetActionable.swift */ = {isa = PBXFileReference; lastKnownFileType = sourcecode.swift; path = "UIControl+TargetActionable.swift"; sourceTree = "<group>"; };
		1A1E8D8D23DF255200360EFE /* RegistrationViewController.swift */ = {isa = PBXFileReference; lastKnownFileType = sourcecode.swift; path = RegistrationViewController.swift; sourceTree = "<group>"; };
		1A1E8D8F23DF256900360EFE /* RegistrationView.swift */ = {isa = PBXFileReference; lastKnownFileType = sourcecode.swift; path = RegistrationView.swift; sourceTree = "<group>"; };
		1A1E8D9123DF257E00360EFE /* LoginViewController.swift */ = {isa = PBXFileReference; lastKnownFileType = sourcecode.swift; path = LoginViewController.swift; sourceTree = "<group>"; };
		1A1E8D9323DF259100360EFE /* LoginView.swift */ = {isa = PBXFileReference; lastKnownFileType = sourcecode.swift; path = LoginView.swift; sourceTree = "<group>"; };
		1A2D66A023E05D0400BDE888 /* UserActions.swift */ = {isa = PBXFileReference; lastKnownFileType = sourcecode.swift; path = UserActions.swift; sourceTree = "<group>"; };
		1A5645AC23E22F0700B14FA4 /* SplashViewController.swift */ = {isa = PBXFileReference; lastKnownFileType = sourcecode.swift; path = SplashViewController.swift; sourceTree = "<group>"; };
		1A5645AE23E22F1400B14FA4 /* SplashView.swift */ = {isa = PBXFileReference; lastKnownFileType = sourcecode.swift; path = SplashView.swift; sourceTree = "<group>"; };
		1A5645B123E2307300B14FA4 /* Palette.swift */ = {isa = PBXFileReference; lastKnownFileType = sourcecode.swift; path = Palette.swift; sourceTree = "<group>"; };
		1A750EED23DF6F29005B117C /* Http.swift */ = {isa = PBXFileReference; lastKnownFileType = sourcecode.swift; path = Http.swift; sourceTree = "<group>"; };
		1A750EF023DF703F005B117C /* AuthService.swift */ = {isa = PBXFileReference; lastKnownFileType = sourcecode.swift; path = AuthService.swift; sourceTree = "<group>"; };
		1A750EF223DFAEA5005B117C /* Common.swift */ = {isa = PBXFileReference; lastKnownFileType = sourcecode.swift; path = Common.swift; sourceTree = "<group>"; };
		1A9F053B23E0A6A40066B9BB /* AuthProcedures.swift */ = {isa = PBXFileReference; lastKnownFileType = sourcecode.swift; path = AuthProcedures.swift; sourceTree = "<group>"; };
		1A9F053D23E0A71E0066B9BB /* UIModel.swift */ = {isa = PBXFileReference; lastKnownFileType = sourcecode.swift; path = UIModel.swift; sourceTree = "<group>"; };
		1A9F053F23E0A8060066B9BB /* UIActions.swift */ = {isa = PBXFileReference; lastKnownFileType = sourcecode.swift; path = UIActions.swift; sourceTree = "<group>"; };
		1AC2A91123E2FD1800AC426D /* HomeViewController.swift */ = {isa = PBXFileReference; lastKnownFileType = sourcecode.swift; path = HomeViewController.swift; sourceTree = "<group>"; };
		1AC2A91323E2FD2800AC426D /* HomeView.swift */ = {isa = PBXFileReference; lastKnownFileType = sourcecode.swift; path = HomeView.swift; sourceTree = "<group>"; };
		1AC2A91523E31D4B00AC426D /* WizardWelcomeViewController.swift */ = {isa = PBXFileReference; lastKnownFileType = sourcecode.swift; path = WizardWelcomeViewController.swift; sourceTree = "<group>"; };
		1AC2A91723E31D6000AC426D /* WizardWelcomeView.swift */ = {isa = PBXFileReference; lastKnownFileType = sourcecode.swift; path = WizardWelcomeView.swift; sourceTree = "<group>"; };
		1AC2A91923E33CA800AC426D /* MainNavigationViewController.swift */ = {isa = PBXFileReference; lastKnownFileType = sourcecode.swift; path = MainNavigationViewController.swift; sourceTree = "<group>"; };
		1AE416DF23DEDC89001CFFAC /* TestTempura.app */ = {isa = PBXFileReference; explicitFileType = wrapper.application; includeInIndex = 0; path = TestTempura.app; sourceTree = BUILT_PRODUCTS_DIR; };
		1AE416E223DEDC89001CFFAC /* AppDelegate.swift */ = {isa = PBXFileReference; lastKnownFileType = sourcecode.swift; path = AppDelegate.swift; sourceTree = "<group>"; };
		1AE416EB23DEDC8C001CFFAC /* Assets.xcassets */ = {isa = PBXFileReference; lastKnownFileType = folder.assetcatalog; path = Assets.xcassets; sourceTree = "<group>"; };
		1AE416EE23DEDC8C001CFFAC /* Base */ = {isa = PBXFileReference; lastKnownFileType = file.storyboard; name = Base; path = Base.lproj/LaunchScreen.storyboard; sourceTree = "<group>"; };
		1AE416F023DEDC8C001CFFAC /* Info.plist */ = {isa = PBXFileReference; lastKnownFileType = text.plist.xml; path = Info.plist; sourceTree = "<group>"; };
		1AE416F523DEDC8C001CFFAC /* TestTempuraTests.xctest */ = {isa = PBXFileReference; explicitFileType = wrapper.cfbundle; includeInIndex = 0; path = TestTempuraTests.xctest; sourceTree = BUILT_PRODUCTS_DIR; };
		1AE416F923DEDC8C001CFFAC /* TestTempuraTests.swift */ = {isa = PBXFileReference; lastKnownFileType = sourcecode.swift; path = TestTempuraTests.swift; sourceTree = "<group>"; };
		1AE416FB23DEDC8C001CFFAC /* Info.plist */ = {isa = PBXFileReference; lastKnownFileType = text.plist.xml; path = Info.plist; sourceTree = "<group>"; };
		1AE4170023DEDC8C001CFFAC /* TestTempuraUITests.xctest */ = {isa = PBXFileReference; explicitFileType = wrapper.cfbundle; includeInIndex = 0; path = TestTempuraUITests.xctest; sourceTree = BUILT_PRODUCTS_DIR; };
		1AE4170423DEDC8D001CFFAC /* TestTempuraUITests.swift */ = {isa = PBXFileReference; lastKnownFileType = sourcecode.swift; path = TestTempuraUITests.swift; sourceTree = "<group>"; };
		1AE4170623DEDC8D001CFFAC /* Info.plist */ = {isa = PBXFileReference; lastKnownFileType = text.plist.xml; path = Info.plist; sourceTree = "<group>"; };
		264F1CB5F8DD94EA08F8FBC3 /* Pods-TestTempuraTests.release.xcconfig */ = {isa = PBXFileReference; includeInIndex = 1; lastKnownFileType = text.xcconfig; name = "Pods-TestTempuraTests.release.xcconfig"; path = "Target Support Files/Pods-TestTempuraTests/Pods-TestTempuraTests.release.xcconfig"; sourceTree = "<group>"; };
		2BB8551E77B5E027365EE851 /* Pods-TestTempura.release.xcconfig */ = {isa = PBXFileReference; includeInIndex = 1; lastKnownFileType = text.xcconfig; name = "Pods-TestTempura.release.xcconfig"; path = "Target Support Files/Pods-TestTempura/Pods-TestTempura.release.xcconfig"; sourceTree = "<group>"; };
		46E2BBC712A289D45952B027 /* Pods-TestTempura.debug.xcconfig */ = {isa = PBXFileReference; includeInIndex = 1; lastKnownFileType = text.xcconfig; name = "Pods-TestTempura.debug.xcconfig"; path = "Target Support Files/Pods-TestTempura/Pods-TestTempura.debug.xcconfig"; sourceTree = "<group>"; };
		5B798D62381DB951CC078468 /* Pods-TestTempura-TestTempuraUITests.debug.xcconfig */ = {isa = PBXFileReference; includeInIndex = 1; lastKnownFileType = text.xcconfig; name = "Pods-TestTempura-TestTempuraUITests.debug.xcconfig"; path = "Target Support Files/Pods-TestTempura-TestTempuraUITests/Pods-TestTempura-TestTempuraUITests.debug.xcconfig"; sourceTree = "<group>"; };
		74380FA3CA2A9B679A1D189E /* Pods_TestTempura_TestTempuraUITests.framework */ = {isa = PBXFileReference; explicitFileType = wrapper.framework; includeInIndex = 0; path = Pods_TestTempura_TestTempuraUITests.framework; sourceTree = BUILT_PRODUCTS_DIR; };
		75F89507998EC8D434ABD0F2 /* Pods-TestTempuraTests.debug.xcconfig */ = {isa = PBXFileReference; includeInIndex = 1; lastKnownFileType = text.xcconfig; name = "Pods-TestTempuraTests.debug.xcconfig"; path = "Target Support Files/Pods-TestTempuraTests/Pods-TestTempuraTests.debug.xcconfig"; sourceTree = "<group>"; };
		CD45AC5045ADEE30F5900D2B /* Pods_TestTempuraTests.framework */ = {isa = PBXFileReference; explicitFileType = wrapper.framework; includeInIndex = 0; path = Pods_TestTempuraTests.framework; sourceTree = BUILT_PRODUCTS_DIR; };
		D65E8909E8669E6AC4AD7B25 /* Pods_TestTempura.framework */ = {isa = PBXFileReference; explicitFileType = wrapper.framework; includeInIndex = 0; path = Pods_TestTempura.framework; sourceTree = BUILT_PRODUCTS_DIR; };
		DF796C29628606CD65F3231B /* Pods-TestTempura-TestTempuraUITests.release.xcconfig */ = {isa = PBXFileReference; includeInIndex = 1; lastKnownFileType = text.xcconfig; name = "Pods-TestTempura-TestTempuraUITests.release.xcconfig"; path = "Target Support Files/Pods-TestTempura-TestTempuraUITests/Pods-TestTempura-TestTempuraUITests.release.xcconfig"; sourceTree = "<group>"; };
/* End PBXFileReference section */

/* Begin PBXFrameworksBuildPhase section */
		1AE416DC23DEDC89001CFFAC /* Frameworks */ = {
			isa = PBXFrameworksBuildPhase;
			buildActionMask = 2147483647;
			files = (
				6EDEC8C882F00A8693E770A9 /* Pods_TestTempura.framework in Frameworks */,
			);
			runOnlyForDeploymentPostprocessing = 0;
		};
		1AE416F223DEDC8C001CFFAC /* Frameworks */ = {
			isa = PBXFrameworksBuildPhase;
			buildActionMask = 2147483647;
			files = (
				4CC54F54F0B415898E83B83D /* Pods_TestTempuraTests.framework in Frameworks */,
			);
			runOnlyForDeploymentPostprocessing = 0;
		};
		1AE416FD23DEDC8C001CFFAC /* Frameworks */ = {
			isa = PBXFrameworksBuildPhase;
			buildActionMask = 2147483647;
			files = (
				9BFCA85415BDF5D5E032C195 /* Pods_TestTempura_TestTempuraUITests.framework in Frameworks */,
			);
			runOnlyForDeploymentPostprocessing = 0;
		};
/* End PBXFrameworksBuildPhase section */

/* Begin PBXGroup section */
		1A1E8D7223DEF1BC00360EFE /* State */ = {
			isa = PBXGroup;
			children = (
				1A9F053A23E0A50D0066B9BB /* Procedures */,
				1A1E8D7E23DEFF2500360EFE /* Actions */,
				1A1E8D7523DEF45200360EFE /* Models */,
				1A1E8D7323DEF3E500360EFE /* AppState.swift */,
			);
			path = State;
			sourceTree = "<group>";
		};
		1A1E8D7523DEF45200360EFE /* Models */ = {
			isa = PBXGroup;
			children = (
				1A1E8D7623DEF46000360EFE /* SessionModel.swift */,
				1A9F053D23E0A71E0066B9BB /* UIModel.swift */,
			);
			path = Models;
			sourceTree = "<group>";
		};
		1A1E8D7823DEF78D00360EFE /* Dependencies */ = {
			isa = PBXGroup;
			children = (
				1A1E8D7923DEF7B400360EFE /* DependenciesContainer.swift */,
			);
			path = Dependencies;
			sourceTree = "<group>";
		};
		1A1E8D7B23DEFCBD00360EFE /* Navigation */ = {
			isa = PBXGroup;
			children = (
				1A1E8D7C23DEFCD900360EFE /* AppNavigation.swift */,
			);
			path = Navigation;
			sourceTree = "<group>";
		};
		1A1E8D7E23DEFF2500360EFE /* Actions */ = {
			isa = PBXGroup;
			children = (
				1A1E8D7F23DEFF3D00360EFE /* SessionActions.swift */,
				1A2D66A023E05D0400BDE888 /* UserActions.swift */,
				1A9F053F23E0A8060066B9BB /* UIActions.swift */,
			);
			path = Actions;
			sourceTree = "<group>";
		};
		1A1E8D8123DF047100360EFE /* UI */ = {
			isa = PBXGroup;
			children = (
				1A5645B023E2306600B14FA4 /* Common */,
				1A1E8D9623DF25AC00360EFE /* Views */,
				1A1E8D9523DF25A600360EFE /* Controllers */,
			);
			path = UI;
			sourceTree = "<group>";
		};
		1A1E8D8623DF11A100360EFE /* Utilities */ = {
			isa = PBXGroup;
			children = (
				1A1E8D8723DF11BA00360EFE /* UIControl+TargetActionable.swift */,
			);
			path = Utilities;
			sourceTree = "<group>";
		};
		1A1E8D9523DF25A600360EFE /* Controllers */ = {
			isa = PBXGroup;
			children = (
				1A1E8D9123DF257E00360EFE /* LoginViewController.swift */,
				1A1E8D8D23DF255200360EFE /* RegistrationViewController.swift */,
				1A1E8D8223DF048200360EFE /* RootViewController.swift */,
				1A5645AC23E22F0700B14FA4 /* SplashViewController.swift */,
				1AC2A91123E2FD1800AC426D /* HomeViewController.swift */,
				1AC2A91523E31D4B00AC426D /* WizardWelcomeViewController.swift */,
				1AC2A91923E33CA800AC426D /* MainNavigationViewController.swift */,
			);
			path = Controllers;
			sourceTree = "<group>";
		};
		1A1E8D9623DF25AC00360EFE /* Views */ = {
			isa = PBXGroup;
			children = (
				1A1E8D9323DF259100360EFE /* LoginView.swift */,
				1A1E8D8F23DF256900360EFE /* RegistrationView.swift */,
				1A1E8D8423DF0DF000360EFE /* RootView.swift */,
				1A5645AE23E22F1400B14FA4 /* SplashView.swift */,
				1AC2A91323E2FD2800AC426D /* HomeView.swift */,
				1AC2A91723E31D6000AC426D /* WizardWelcomeView.swift */,
			);
			path = Views;
			sourceTree = "<group>";
		};
		1A5645B023E2306600B14FA4 /* Common */ = {
			isa = PBXGroup;
			children = (
				1A5645B123E2307300B14FA4 /* Palette.swift */,
			);
			path = Common;
			sourceTree = "<group>";
		};
		1A750EEF23DF7027005B117C /* Http */ = {
			isa = PBXGroup;
			children = (
				1A750EF223DFAEA5005B117C /* Common.swift */,
				1A750EED23DF6F29005B117C /* Http.swift */,
				1A9F054223E0E2380066B9BB /* Services */,
			);
			path = Http;
			sourceTree = "<group>";
		};
		1A9F053A23E0A50D0066B9BB /* Procedures */ = {
			isa = PBXGroup;
			children = (
				1A9F053B23E0A6A40066B9BB /* AuthProcedures.swift */,
			);
			path = Procedures;
			sourceTree = "<group>";
		};
		1A9F054223E0E2380066B9BB /* Services */ = {
			isa = PBXGroup;
			children = (
				1A750EF023DF703F005B117C /* AuthService.swift */,
			);
			path = Services;
			sourceTree = "<group>";
		};
		1AE416D623DEDC89001CFFAC = {
			isa = PBXGroup;
			children = (
				1AE416E123DEDC89001CFFAC /* TestTempura */,
				1AE416F823DEDC8C001CFFAC /* TestTempuraTests */,
				1AE4170323DEDC8D001CFFAC /* TestTempuraUITests */,
				1AE416E023DEDC89001CFFAC /* Products */,
				C159EBBFD495152633803D0F /* Pods */,
				3D9F723BEE1298F7CA88A0D7 /* Frameworks */,
			);
			sourceTree = "<group>";
		};
		1AE416E023DEDC89001CFFAC /* Products */ = {
			isa = PBXGroup;
			children = (
				1AE416DF23DEDC89001CFFAC /* TestTempura.app */,
				1AE416F523DEDC8C001CFFAC /* TestTempuraTests.xctest */,
				1AE4170023DEDC8C001CFFAC /* TestTempuraUITests.xctest */,
			);
			name = Products;
			sourceTree = "<group>";
		};
		1AE416E123DEDC89001CFFAC /* TestTempura */ = {
			isa = PBXGroup;
			children = (
				1A1E8D7B23DEFCBD00360EFE /* Navigation */,
				1A1E8D8123DF047100360EFE /* UI */,
				1A1E8D7823DEF78D00360EFE /* Dependencies */,
				1A1E8D7223DEF1BC00360EFE /* State */,
				1A750EEF23DF7027005B117C /* Http */,
				1A1E8D8623DF11A100360EFE /* Utilities */,
				1AE416E223DEDC89001CFFAC /* AppDelegate.swift */,
				1AE416EB23DEDC8C001CFFAC /* Assets.xcassets */,
				1AE416ED23DEDC8C001CFFAC /* LaunchScreen.storyboard */,
				1AE416F023DEDC8C001CFFAC /* Info.plist */,
			);
			path = TestTempura;
			sourceTree = "<group>";
		};
		1AE416F823DEDC8C001CFFAC /* TestTempuraTests */ = {
			isa = PBXGroup;
			children = (
				1AE416F923DEDC8C001CFFAC /* TestTempuraTests.swift */,
				1AE416FB23DEDC8C001CFFAC /* Info.plist */,
			);
			path = TestTempuraTests;
			sourceTree = "<group>";
		};
		1AE4170323DEDC8D001CFFAC /* TestTempuraUITests */ = {
			isa = PBXGroup;
			children = (
				1AE4170423DEDC8D001CFFAC /* TestTempuraUITests.swift */,
				1AE4170623DEDC8D001CFFAC /* Info.plist */,
			);
			path = TestTempuraUITests;
			sourceTree = "<group>";
		};
		3D9F723BEE1298F7CA88A0D7 /* Frameworks */ = {
			isa = PBXGroup;
			children = (
				D65E8909E8669E6AC4AD7B25 /* Pods_TestTempura.framework */,
				74380FA3CA2A9B679A1D189E /* Pods_TestTempura_TestTempuraUITests.framework */,
				CD45AC5045ADEE30F5900D2B /* Pods_TestTempuraTests.framework */,
			);
			name = Frameworks;
			sourceTree = "<group>";
		};
		C159EBBFD495152633803D0F /* Pods */ = {
			isa = PBXGroup;
			children = (
				46E2BBC712A289D45952B027 /* Pods-TestTempura.debug.xcconfig */,
				2BB8551E77B5E027365EE851 /* Pods-TestTempura.release.xcconfig */,
				5B798D62381DB951CC078468 /* Pods-TestTempura-TestTempuraUITests.debug.xcconfig */,
				DF796C29628606CD65F3231B /* Pods-TestTempura-TestTempuraUITests.release.xcconfig */,
				75F89507998EC8D434ABD0F2 /* Pods-TestTempuraTests.debug.xcconfig */,
				264F1CB5F8DD94EA08F8FBC3 /* Pods-TestTempuraTests.release.xcconfig */,
			);
			path = Pods;
			sourceTree = "<group>";
		};
/* End PBXGroup section */

/* Begin PBXNativeTarget section */
		1AE416DE23DEDC89001CFFAC /* TestTempura */ = {
			isa = PBXNativeTarget;
			buildConfigurationList = 1AE4170923DEDC8D001CFFAC /* Build configuration list for PBXNativeTarget "TestTempura" */;
			buildPhases = (
				9AA66ACADEDBC324C6955BE8 /* [CP] Check Pods Manifest.lock */,
				1AE416DB23DEDC89001CFFAC /* Sources */,
				1AE416DC23DEDC89001CFFAC /* Frameworks */,
				1AE416DD23DEDC89001CFFAC /* Resources */,
				7D0A42A352B1EBB4B4AA11FE /* [CP] Embed Pods Frameworks */,
			);
			buildRules = (
			);
			dependencies = (
			);
			name = TestTempura;
			productName = TestTempura;
			productReference = 1AE416DF23DEDC89001CFFAC /* TestTempura.app */;
			productType = "com.apple.product-type.application";
		};
		1AE416F423DEDC8C001CFFAC /* TestTempuraTests */ = {
			isa = PBXNativeTarget;
			buildConfigurationList = 1AE4170C23DEDC8D001CFFAC /* Build configuration list for PBXNativeTarget "TestTempuraTests" */;
			buildPhases = (
				C919381F71046CCE8A21942B /* [CP] Check Pods Manifest.lock */,
				1AE416F123DEDC8C001CFFAC /* Sources */,
				1AE416F223DEDC8C001CFFAC /* Frameworks */,
				1AE416F323DEDC8C001CFFAC /* Resources */,
			);
			buildRules = (
			);
			dependencies = (
				1AE416F723DEDC8C001CFFAC /* PBXTargetDependency */,
			);
			name = TestTempuraTests;
			productName = TestTempuraTests;
			productReference = 1AE416F523DEDC8C001CFFAC /* TestTempuraTests.xctest */;
			productType = "com.apple.product-type.bundle.unit-test";
		};
		1AE416FF23DEDC8C001CFFAC /* TestTempuraUITests */ = {
			isa = PBXNativeTarget;
			buildConfigurationList = 1AE4170F23DEDC8D001CFFAC /* Build configuration list for PBXNativeTarget "TestTempuraUITests" */;
			buildPhases = (
				3A63796732E2C8AF417DBE4E /* [CP] Check Pods Manifest.lock */,
				1AE416FC23DEDC8C001CFFAC /* Sources */,
				1AE416FD23DEDC8C001CFFAC /* Frameworks */,
				1AE416FE23DEDC8C001CFFAC /* Resources */,
				DD96F1025356459EE581D9F6 /* [CP] Embed Pods Frameworks */,
			);
			buildRules = (
			);
			dependencies = (
				1AE4170223DEDC8D001CFFAC /* PBXTargetDependency */,
			);
			name = TestTempuraUITests;
			productName = TestTempuraUITests;
			productReference = 1AE4170023DEDC8C001CFFAC /* TestTempuraUITests.xctest */;
			productType = "com.apple.product-type.bundle.ui-testing";
		};
/* End PBXNativeTarget section */

/* Begin PBXProject section */
		1AE416D723DEDC89001CFFAC /* Project object */ = {
			isa = PBXProject;
			attributes = {
				LastSwiftUpdateCheck = 1130;
				LastUpgradeCheck = 1130;
				ORGANIZATIONNAME = Occhidelfato;
				TargetAttributes = {
					1AE416DE23DEDC89001CFFAC = {
						CreatedOnToolsVersion = 11.3.1;
					};
					1AE416F423DEDC8C001CFFAC = {
						CreatedOnToolsVersion = 11.3.1;
						TestTargetID = 1AE416DE23DEDC89001CFFAC;
					};
					1AE416FF23DEDC8C001CFFAC = {
						CreatedOnToolsVersion = 11.3.1;
						TestTargetID = 1AE416DE23DEDC89001CFFAC;
					};
				};
			};
			buildConfigurationList = 1AE416DA23DEDC89001CFFAC /* Build configuration list for PBXProject "TestTempura" */;
			compatibilityVersion = "Xcode 9.3";
			developmentRegion = en;
			hasScannedForEncodings = 0;
			knownRegions = (
				en,
				Base,
			);
			mainGroup = 1AE416D623DEDC89001CFFAC;
			productRefGroup = 1AE416E023DEDC89001CFFAC /* Products */;
			projectDirPath = "";
			projectRoot = "";
			targets = (
				1AE416DE23DEDC89001CFFAC /* TestTempura */,
				1AE416F423DEDC8C001CFFAC /* TestTempuraTests */,
				1AE416FF23DEDC8C001CFFAC /* TestTempuraUITests */,
			);
		};
/* End PBXProject section */

/* Begin PBXResourcesBuildPhase section */
		1AE416DD23DEDC89001CFFAC /* Resources */ = {
			isa = PBXResourcesBuildPhase;
			buildActionMask = 2147483647;
			files = (
				1AE416EF23DEDC8C001CFFAC /* LaunchScreen.storyboard in Resources */,
				1AE416EC23DEDC8C001CFFAC /* Assets.xcassets in Resources */,
			);
			runOnlyForDeploymentPostprocessing = 0;
		};
		1AE416F323DEDC8C001CFFAC /* Resources */ = {
			isa = PBXResourcesBuildPhase;
			buildActionMask = 2147483647;
			files = (
			);
			runOnlyForDeploymentPostprocessing = 0;
		};
		1AE416FE23DEDC8C001CFFAC /* Resources */ = {
			isa = PBXResourcesBuildPhase;
			buildActionMask = 2147483647;
			files = (
			);
			runOnlyForDeploymentPostprocessing = 0;
		};
/* End PBXResourcesBuildPhase section */

/* Begin PBXShellScriptBuildPhase section */
		3A63796732E2C8AF417DBE4E /* [CP] Check Pods Manifest.lock */ = {
			isa = PBXShellScriptBuildPhase;
			buildActionMask = 2147483647;
			files = (
			);
			inputFileListPaths = (
			);
			inputPaths = (
				"${PODS_PODFILE_DIR_PATH}/Podfile.lock",
				"${PODS_ROOT}/Manifest.lock",
			);
			name = "[CP] Check Pods Manifest.lock";
			outputFileListPaths = (
			);
			outputPaths = (
				"$(DERIVED_FILE_DIR)/Pods-TestTempura-TestTempuraUITests-checkManifestLockResult.txt",
			);
			runOnlyForDeploymentPostprocessing = 0;
			shellPath = /bin/sh;
			shellScript = "diff \"${PODS_PODFILE_DIR_PATH}/Podfile.lock\" \"${PODS_ROOT}/Manifest.lock\" > /dev/null\nif [ $? != 0 ] ; then\n    # print error to STDERR\n    echo \"error: The sandbox is not in sync with the Podfile.lock. Run 'pod install' or update your CocoaPods installation.\" >&2\n    exit 1\nfi\n# This output is used by Xcode 'outputs' to avoid re-running this script phase.\necho \"SUCCESS\" > \"${SCRIPT_OUTPUT_FILE_0}\"\n";
			showEnvVarsInLog = 0;
		};
		7D0A42A352B1EBB4B4AA11FE /* [CP] Embed Pods Frameworks */ = {
			isa = PBXShellScriptBuildPhase;
			buildActionMask = 2147483647;
			files = (
			);
			inputFileListPaths = (
				"${PODS_ROOT}/Target Support Files/Pods-TestTempura/Pods-TestTempura-frameworks-${CONFIGURATION}-input-files.xcfilelist",
			);
			name = "[CP] Embed Pods Frameworks";
			outputFileListPaths = (
				"${PODS_ROOT}/Target Support Files/Pods-TestTempura/Pods-TestTempura-frameworks-${CONFIGURATION}-output-files.xcfilelist",
			);
			runOnlyForDeploymentPostprocessing = 0;
			shellPath = /bin/sh;
			shellScript = "\"${PODS_ROOT}/Target Support Files/Pods-TestTempura/Pods-TestTempura-frameworks.sh\"\n";
			showEnvVarsInLog = 0;
		};
		9AA66ACADEDBC324C6955BE8 /* [CP] Check Pods Manifest.lock */ = {
			isa = PBXShellScriptBuildPhase;
			buildActionMask = 2147483647;
			files = (
			);
			inputFileListPaths = (
			);
			inputPaths = (
				"${PODS_PODFILE_DIR_PATH}/Podfile.lock",
				"${PODS_ROOT}/Manifest.lock",
			);
			name = "[CP] Check Pods Manifest.lock";
			outputFileListPaths = (
			);
			outputPaths = (
				"$(DERIVED_FILE_DIR)/Pods-TestTempura-checkManifestLockResult.txt",
			);
			runOnlyForDeploymentPostprocessing = 0;
			shellPath = /bin/sh;
			shellScript = "diff \"${PODS_PODFILE_DIR_PATH}/Podfile.lock\" \"${PODS_ROOT}/Manifest.lock\" > /dev/null\nif [ $? != 0 ] ; then\n    # print error to STDERR\n    echo \"error: The sandbox is not in sync with the Podfile.lock. Run 'pod install' or update your CocoaPods installation.\" >&2\n    exit 1\nfi\n# This output is used by Xcode 'outputs' to avoid re-running this script phase.\necho \"SUCCESS\" > \"${SCRIPT_OUTPUT_FILE_0}\"\n";
			showEnvVarsInLog = 0;
		};
		C919381F71046CCE8A21942B /* [CP] Check Pods Manifest.lock */ = {
			isa = PBXShellScriptBuildPhase;
			buildActionMask = 2147483647;
			files = (
			);
			inputFileListPaths = (
			);
			inputPaths = (
				"${PODS_PODFILE_DIR_PATH}/Podfile.lock",
				"${PODS_ROOT}/Manifest.lock",
			);
			name = "[CP] Check Pods Manifest.lock";
			outputFileListPaths = (
			);
			outputPaths = (
				"$(DERIVED_FILE_DIR)/Pods-TestTempuraTests-checkManifestLockResult.txt",
			);
			runOnlyForDeploymentPostprocessing = 0;
			shellPath = /bin/sh;
			shellScript = "diff \"${PODS_PODFILE_DIR_PATH}/Podfile.lock\" \"${PODS_ROOT}/Manifest.lock\" > /dev/null\nif [ $? != 0 ] ; then\n    # print error to STDERR\n    echo \"error: The sandbox is not in sync with the Podfile.lock. Run 'pod install' or update your CocoaPods installation.\" >&2\n    exit 1\nfi\n# This output is used by Xcode 'outputs' to avoid re-running this script phase.\necho \"SUCCESS\" > \"${SCRIPT_OUTPUT_FILE_0}\"\n";
			showEnvVarsInLog = 0;
		};
		DD96F1025356459EE581D9F6 /* [CP] Embed Pods Frameworks */ = {
			isa = PBXShellScriptBuildPhase;
			buildActionMask = 2147483647;
			files = (
			);
			inputFileListPaths = (
				"${PODS_ROOT}/Target Support Files/Pods-TestTempura-TestTempuraUITests/Pods-TestTempura-TestTempuraUITests-frameworks-${CONFIGURATION}-input-files.xcfilelist",
			);
			name = "[CP] Embed Pods Frameworks";
			outputFileListPaths = (
				"${PODS_ROOT}/Target Support Files/Pods-TestTempura-TestTempuraUITests/Pods-TestTempura-TestTempuraUITests-frameworks-${CONFIGURATION}-output-files.xcfilelist",
			);
			runOnlyForDeploymentPostprocessing = 0;
			shellPath = /bin/sh;
			shellScript = "\"${PODS_ROOT}/Target Support Files/Pods-TestTempura-TestTempuraUITests/Pods-TestTempura-TestTempuraUITests-frameworks.sh\"\n";
			showEnvVarsInLog = 0;
		};
/* End PBXShellScriptBuildPhase section */

/* Begin PBXSourcesBuildPhase section */
		1AE416DB23DEDC89001CFFAC /* Sources */ = {
			isa = PBXSourcesBuildPhase;
			buildActionMask = 2147483647;
			files = (
				1AC2A91423E2FD2800AC426D /* HomeView.swift in Sources */,
				1A1E8D9223DF257E00360EFE /* LoginViewController.swift in Sources */,
				1A1E8D7723DEF46000360EFE /* SessionModel.swift in Sources */,
				1A5645B223E2307300B14FA4 /* Palette.swift in Sources */,
				1AE416E323DEDC89001CFFAC /* AppDelegate.swift in Sources */,
				1A1E8D9423DF259100360EFE /* LoginView.swift in Sources */,
				1A2D66A123E05D0400BDE888 /* UserActions.swift in Sources */,
				1A5645AD23E22F0700B14FA4 /* SplashViewController.swift in Sources */,
				1AC2A91623E31D4B00AC426D /* WizardWelcomeViewController.swift in Sources */,
				1A750EF323DFAEA5005B117C /* Common.swift in Sources */,
				1A9F053E23E0A71E0066B9BB /* UIModel.swift in Sources */,
				1A1E8D7D23DEFCD900360EFE /* AppNavigation.swift in Sources */,
				1A1E8D9023DF256900360EFE /* RegistrationView.swift in Sources */,
				1AC2A91223E2FD1800AC426D /* HomeViewController.swift in Sources */,
				1A1E8D8023DEFF3D00360EFE /* SessionActions.swift in Sources */,
				1A1E8D8523DF0DF000360EFE /* RootView.swift in Sources */,
				1A1E8D8E23DF255200360EFE /* RegistrationViewController.swift in Sources */,
				1A1E8D8823DF11BA00360EFE /* UIControl+TargetActionable.swift in Sources */,
				1A1E8D7A23DEF7B400360EFE /* DependenciesContainer.swift in Sources */,
				1A5645AF23E22F1400B14FA4 /* SplashView.swift in Sources */,
				1AC2A91823E31D6000AC426D /* WizardWelcomeView.swift in Sources */,
				1AC2A91A23E33CA800AC426D /* MainNavigationViewController.swift in Sources */,
				1A750EF123DF703F005B117C /* AuthService.swift in Sources */,
				1A1E8D8323DF048200360EFE /* RootViewController.swift in Sources */,
				1A9F053C23E0A6A40066B9BB /* AuthProcedures.swift in Sources */,
				1A1E8D7423DEF3E500360EFE /* AppState.swift in Sources */,
				1A750EEE23DF6F29005B117C /* Http.swift in Sources */,
				1A9F054023E0A8060066B9BB /* UIActions.swift in Sources */,
			);
			runOnlyForDeploymentPostprocessing = 0;
		};
		1AE416F123DEDC8C001CFFAC /* Sources */ = {
			isa = PBXSourcesBuildPhase;
			buildActionMask = 2147483647;
			files = (
				1AE416FA23DEDC8C001CFFAC /* TestTempuraTests.swift in Sources */,
			);
			runOnlyForDeploymentPostprocessing = 0;
		};
		1AE416FC23DEDC8C001CFFAC /* Sources */ = {
			isa = PBXSourcesBuildPhase;
			buildActionMask = 2147483647;
			files = (
				1AE4170523DEDC8D001CFFAC /* TestTempuraUITests.swift in Sources */,
			);
			runOnlyForDeploymentPostprocessing = 0;
		};
/* End PBXSourcesBuildPhase section */

/* Begin PBXTargetDependency section */
		1AE416F723DEDC8C001CFFAC /* PBXTargetDependency */ = {
			isa = PBXTargetDependency;
			target = 1AE416DE23DEDC89001CFFAC /* TestTempura */;
			targetProxy = 1AE416F623DEDC8C001CFFAC /* PBXContainerItemProxy */;
		};
		1AE4170223DEDC8D001CFFAC /* PBXTargetDependency */ = {
			isa = PBXTargetDependency;
			target = 1AE416DE23DEDC89001CFFAC /* TestTempura */;
			targetProxy = 1AE4170123DEDC8D001CFFAC /* PBXContainerItemProxy */;
		};
/* End PBXTargetDependency section */

/* Begin PBXVariantGroup section */
		1AE416ED23DEDC8C001CFFAC /* LaunchScreen.storyboard */ = {
			isa = PBXVariantGroup;
			children = (
				1AE416EE23DEDC8C001CFFAC /* Base */,
			);
			name = LaunchScreen.storyboard;
			sourceTree = "<group>";
		};
/* End PBXVariantGroup section */

/* Begin XCBuildConfiguration section */
		1AE4170723DEDC8D001CFFAC /* Debug */ = {
			isa = XCBuildConfiguration;
			buildSettings = {
				ALWAYS_SEARCH_USER_PATHS = NO;
				CLANG_ANALYZER_NONNULL = YES;
				CLANG_ANALYZER_NUMBER_OBJECT_CONVERSION = YES_AGGRESSIVE;
				CLANG_CXX_LANGUAGE_STANDARD = "gnu++14";
				CLANG_CXX_LIBRARY = "libc++";
				CLANG_ENABLE_MODULES = YES;
				CLANG_ENABLE_OBJC_ARC = YES;
				CLANG_ENABLE_OBJC_WEAK = YES;
				CLANG_WARN_BLOCK_CAPTURE_AUTORELEASING = YES;
				CLANG_WARN_BOOL_CONVERSION = YES;
				CLANG_WARN_COMMA = YES;
				CLANG_WARN_CONSTANT_CONVERSION = YES;
				CLANG_WARN_DEPRECATED_OBJC_IMPLEMENTATIONS = YES;
				CLANG_WARN_DIRECT_OBJC_ISA_USAGE = YES_ERROR;
				CLANG_WARN_DOCUMENTATION_COMMENTS = YES;
				CLANG_WARN_EMPTY_BODY = YES;
				CLANG_WARN_ENUM_CONVERSION = YES;
				CLANG_WARN_INFINITE_RECURSION = YES;
				CLANG_WARN_INT_CONVERSION = YES;
				CLANG_WARN_NON_LITERAL_NULL_CONVERSION = YES;
				CLANG_WARN_OBJC_IMPLICIT_RETAIN_SELF = YES;
				CLANG_WARN_OBJC_LITERAL_CONVERSION = YES;
				CLANG_WARN_OBJC_ROOT_CLASS = YES_ERROR;
				CLANG_WARN_RANGE_LOOP_ANALYSIS = YES;
				CLANG_WARN_STRICT_PROTOTYPES = YES;
				CLANG_WARN_SUSPICIOUS_MOVE = YES;
				CLANG_WARN_UNGUARDED_AVAILABILITY = YES_AGGRESSIVE;
				CLANG_WARN_UNREACHABLE_CODE = YES;
				CLANG_WARN__DUPLICATE_METHOD_MATCH = YES;
				COPY_PHASE_STRIP = NO;
				DEBUG_INFORMATION_FORMAT = dwarf;
				ENABLE_STRICT_OBJC_MSGSEND = YES;
				ENABLE_TESTABILITY = YES;
				GCC_C_LANGUAGE_STANDARD = gnu11;
				GCC_DYNAMIC_NO_PIC = NO;
				GCC_NO_COMMON_BLOCKS = YES;
				GCC_OPTIMIZATION_LEVEL = 0;
				GCC_PREPROCESSOR_DEFINITIONS = (
					"DEBUG=1",
					"$(inherited)",
				);
				GCC_WARN_64_TO_32_BIT_CONVERSION = YES;
				GCC_WARN_ABOUT_RETURN_TYPE = YES_ERROR;
				GCC_WARN_UNDECLARED_SELECTOR = YES;
				GCC_WARN_UNINITIALIZED_AUTOS = YES_AGGRESSIVE;
				GCC_WARN_UNUSED_FUNCTION = YES;
				GCC_WARN_UNUSED_VARIABLE = YES;
				IPHONEOS_DEPLOYMENT_TARGET = 13.2;
				MTL_ENABLE_DEBUG_INFO = INCLUDE_SOURCE;
				MTL_FAST_MATH = YES;
				ONLY_ACTIVE_ARCH = YES;
				SDKROOT = iphoneos;
				SWIFT_ACTIVE_COMPILATION_CONDITIONS = DEBUG;
				SWIFT_OPTIMIZATION_LEVEL = "-Onone";
			};
			name = Debug;
		};
		1AE4170823DEDC8D001CFFAC /* Release */ = {
			isa = XCBuildConfiguration;
			buildSettings = {
				ALWAYS_SEARCH_USER_PATHS = NO;
				CLANG_ANALYZER_NONNULL = YES;
				CLANG_ANALYZER_NUMBER_OBJECT_CONVERSION = YES_AGGRESSIVE;
				CLANG_CXX_LANGUAGE_STANDARD = "gnu++14";
				CLANG_CXX_LIBRARY = "libc++";
				CLANG_ENABLE_MODULES = YES;
				CLANG_ENABLE_OBJC_ARC = YES;
				CLANG_ENABLE_OBJC_WEAK = YES;
				CLANG_WARN_BLOCK_CAPTURE_AUTORELEASING = YES;
				CLANG_WARN_BOOL_CONVERSION = YES;
				CLANG_WARN_COMMA = YES;
				CLANG_WARN_CONSTANT_CONVERSION = YES;
				CLANG_WARN_DEPRECATED_OBJC_IMPLEMENTATIONS = YES;
				CLANG_WARN_DIRECT_OBJC_ISA_USAGE = YES_ERROR;
				CLANG_WARN_DOCUMENTATION_COMMENTS = YES;
				CLANG_WARN_EMPTY_BODY = YES;
				CLANG_WARN_ENUM_CONVERSION = YES;
				CLANG_WARN_INFINITE_RECURSION = YES;
				CLANG_WARN_INT_CONVERSION = YES;
				CLANG_WARN_NON_LITERAL_NULL_CONVERSION = YES;
				CLANG_WARN_OBJC_IMPLICIT_RETAIN_SELF = YES;
				CLANG_WARN_OBJC_LITERAL_CONVERSION = YES;
				CLANG_WARN_OBJC_ROOT_CLASS = YES_ERROR;
				CLANG_WARN_RANGE_LOOP_ANALYSIS = YES;
				CLANG_WARN_STRICT_PROTOTYPES = YES;
				CLANG_WARN_SUSPICIOUS_MOVE = YES;
				CLANG_WARN_UNGUARDED_AVAILABILITY = YES_AGGRESSIVE;
				CLANG_WARN_UNREACHABLE_CODE = YES;
				CLANG_WARN__DUPLICATE_METHOD_MATCH = YES;
				COPY_PHASE_STRIP = NO;
				DEBUG_INFORMATION_FORMAT = "dwarf-with-dsym";
				ENABLE_NS_ASSERTIONS = NO;
				ENABLE_STRICT_OBJC_MSGSEND = YES;
				GCC_C_LANGUAGE_STANDARD = gnu11;
				GCC_NO_COMMON_BLOCKS = YES;
				GCC_WARN_64_TO_32_BIT_CONVERSION = YES;
				GCC_WARN_ABOUT_RETURN_TYPE = YES_ERROR;
				GCC_WARN_UNDECLARED_SELECTOR = YES;
				GCC_WARN_UNINITIALIZED_AUTOS = YES_AGGRESSIVE;
				GCC_WARN_UNUSED_FUNCTION = YES;
				GCC_WARN_UNUSED_VARIABLE = YES;
				IPHONEOS_DEPLOYMENT_TARGET = 13.2;
				MTL_ENABLE_DEBUG_INFO = NO;
				MTL_FAST_MATH = YES;
				SDKROOT = iphoneos;
				SWIFT_COMPILATION_MODE = wholemodule;
				SWIFT_OPTIMIZATION_LEVEL = "-O";
				VALIDATE_PRODUCT = YES;
			};
			name = Release;
		};
		1AE4170A23DEDC8D001CFFAC /* Debug */ = {
			isa = XCBuildConfiguration;
			baseConfigurationReference = 46E2BBC712A289D45952B027 /* Pods-TestTempura.debug.xcconfig */;
			buildSettings = {
				ASSETCATALOG_COMPILER_APPICON_NAME = AppIcon;
				CODE_SIGN_STYLE = Automatic;
				DEVELOPMENT_TEAM = 6JZ89K5C36;
				INFOPLIST_FILE = TestTempura/Info.plist;
				IPHONEOS_DEPLOYMENT_TARGET = 10.0;
				LD_RUNPATH_SEARCH_PATHS = (
					"$(inherited)",
					"@executable_path/Frameworks",
				);
				PRODUCT_BUNDLE_IDENTIFIER = odf.TestTempura;
				PRODUCT_NAME = "$(TARGET_NAME)";
				SWIFT_VERSION = 5.0;
				TARGETED_DEVICE_FAMILY = 1;
			};
			name = Debug;
		};
		1AE4170B23DEDC8D001CFFAC /* Release */ = {
			isa = XCBuildConfiguration;
			baseConfigurationReference = 2BB8551E77B5E027365EE851 /* Pods-TestTempura.release.xcconfig */;
			buildSettings = {
				ASSETCATALOG_COMPILER_APPICON_NAME = AppIcon;
				CODE_SIGN_STYLE = Automatic;
				DEVELOPMENT_TEAM = 6JZ89K5C36;
				INFOPLIST_FILE = TestTempura/Info.plist;
				IPHONEOS_DEPLOYMENT_TARGET = 10.0;
				LD_RUNPATH_SEARCH_PATHS = (
					"$(inherited)",
					"@executable_path/Frameworks",
				);
				PRODUCT_BUNDLE_IDENTIFIER = odf.TestTempura;
				PRODUCT_NAME = "$(TARGET_NAME)";
				SWIFT_VERSION = 5.0;
				TARGETED_DEVICE_FAMILY = 1;
			};
			name = Release;
		};
		1AE4170D23DEDC8D001CFFAC /* Debug */ = {
			isa = XCBuildConfiguration;
			baseConfigurationReference = 75F89507998EC8D434ABD0F2 /* Pods-TestTempuraTests.debug.xcconfig */;
			buildSettings = {
				ALWAYS_EMBED_SWIFT_STANDARD_LIBRARIES = YES;
				BUNDLE_LOADER = "$(TEST_HOST)";
				CODE_SIGN_STYLE = Automatic;
				INFOPLIST_FILE = TestTempuraTests/Info.plist;
				IPHONEOS_DEPLOYMENT_TARGET = 13.2;
				LD_RUNPATH_SEARCH_PATHS = (
					"$(inherited)",
					"@executable_path/Frameworks",
					"@loader_path/Frameworks",
				);
				PRODUCT_BUNDLE_IDENTIFIER = odf.TestTempuraTests;
				PRODUCT_NAME = "$(TARGET_NAME)";
				SWIFT_VERSION = 5.0;
				TARGETED_DEVICE_FAMILY = "1,2";
				TEST_HOST = "$(BUILT_PRODUCTS_DIR)/TestTempura.app/TestTempura";
			};
			name = Debug;
		};
		1AE4170E23DEDC8D001CFFAC /* Release */ = {
			isa = XCBuildConfiguration;
			baseConfigurationReference = 264F1CB5F8DD94EA08F8FBC3 /* Pods-TestTempuraTests.release.xcconfig */;
			buildSettings = {
				ALWAYS_EMBED_SWIFT_STANDARD_LIBRARIES = YES;
				BUNDLE_LOADER = "$(TEST_HOST)";
				CODE_SIGN_STYLE = Automatic;
				INFOPLIST_FILE = TestTempuraTests/Info.plist;
				IPHONEOS_DEPLOYMENT_TARGET = 13.2;
				LD_RUNPATH_SEARCH_PATHS = (
					"$(inherited)",
					"@executable_path/Frameworks",
					"@loader_path/Frameworks",
				);
				PRODUCT_BUNDLE_IDENTIFIER = odf.TestTempuraTests;
				PRODUCT_NAME = "$(TARGET_NAME)";
				SWIFT_VERSION = 5.0;
				TARGETED_DEVICE_FAMILY = "1,2";
				TEST_HOST = "$(BUILT_PRODUCTS_DIR)/TestTempura.app/TestTempura";
			};
			name = Release;
		};
		1AE4171023DEDC8D001CFFAC /* Debug */ = {
			isa = XCBuildConfiguration;
			baseConfigurationReference = 5B798D62381DB951CC078468 /* Pods-TestTempura-TestTempuraUITests.debug.xcconfig */;
			buildSettings = {
				ALWAYS_EMBED_SWIFT_STANDARD_LIBRARIES = YES;
				CODE_SIGN_STYLE = Automatic;
				INFOPLIST_FILE = TestTempuraUITests/Info.plist;
				LD_RUNPATH_SEARCH_PATHS = (
					"$(inherited)",
					"@executable_path/Frameworks",
					"@loader_path/Frameworks",
				);
				PRODUCT_BUNDLE_IDENTIFIER = odf.TestTempuraUITests;
				PRODUCT_NAME = "$(TARGET_NAME)";
				SWIFT_VERSION = 5.0;
				TARGETED_DEVICE_FAMILY = "1,2";
				TEST_TARGET_NAME = TestTempura;
			};
			name = Debug;
		};
		1AE4171123DEDC8D001CFFAC /* Release */ = {
			isa = XCBuildConfiguration;
			baseConfigurationReference = DF796C29628606CD65F3231B /* Pods-TestTempura-TestTempuraUITests.release.xcconfig */;
			buildSettings = {
				ALWAYS_EMBED_SWIFT_STANDARD_LIBRARIES = YES;
				CODE_SIGN_STYLE = Automatic;
				INFOPLIST_FILE = TestTempuraUITests/Info.plist;
				LD_RUNPATH_SEARCH_PATHS = (
					"$(inherited)",
					"@executable_path/Frameworks",
					"@loader_path/Frameworks",
				);
				PRODUCT_BUNDLE_IDENTIFIER = odf.TestTempuraUITests;
				PRODUCT_NAME = "$(TARGET_NAME)";
				SWIFT_VERSION = 5.0;
				TARGETED_DEVICE_FAMILY = "1,2";
				TEST_TARGET_NAME = TestTempura;
			};
			name = Release;
		};
/* End XCBuildConfiguration section */

/* Begin XCConfigurationList section */
		1AE416DA23DEDC89001CFFAC /* Build configuration list for PBXProject "TestTempura" */ = {
			isa = XCConfigurationList;
			buildConfigurations = (
				1AE4170723DEDC8D001CFFAC /* Debug */,
				1AE4170823DEDC8D001CFFAC /* Release */,
			);
			defaultConfigurationIsVisible = 0;
			defaultConfigurationName = Release;
		};
		1AE4170923DEDC8D001CFFAC /* Build configuration list for PBXNativeTarget "TestTempura" */ = {
			isa = XCConfigurationList;
			buildConfigurations = (
				1AE4170A23DEDC8D001CFFAC /* Debug */,
				1AE4170B23DEDC8D001CFFAC /* Release */,
			);
			defaultConfigurationIsVisible = 0;
			defaultConfigurationName = Release;
		};
		1AE4170C23DEDC8D001CFFAC /* Build configuration list for PBXNativeTarget "TestTempuraTests" */ = {
			isa = XCConfigurationList;
			buildConfigurations = (
				1AE4170D23DEDC8D001CFFAC /* Debug */,
				1AE4170E23DEDC8D001CFFAC /* Release */,
			);
			defaultConfigurationIsVisible = 0;
			defaultConfigurationName = Release;
		};
		1AE4170F23DEDC8D001CFFAC /* Build configuration list for PBXNativeTarget "TestTempuraUITests" */ = {
			isa = XCConfigurationList;
			buildConfigurations = (
				1AE4171023DEDC8D001CFFAC /* Debug */,
				1AE4171123DEDC8D001CFFAC /* Release */,
			);
			defaultConfigurationIsVisible = 0;
			defaultConfigurationName = Release;
		};
/* End XCConfigurationList section */
	};
	rootObject = 1AE416D723DEDC89001CFFAC /* Project object */;
}
